
Microsoft Visual Studio Solution File, Format Version 12.00
# Visual Studio 14
VisualStudioVersion = 14.0.25123.0
MinimumVisualStudioVersion = 10.0.40219.1
Project("{FAE04EC0-301F-11D3-BF4B-00C04F79EFBC}") = "HZC Report", "HZC Report\HZC Report.csproj", "{721D3D3C-7642-4F1E-BF74-5D141E12FB6A}"
EndProject
Global
	GlobalSection(SolutionConfigurationPlatforms) = preSolution
		Debug|Any CPU = Debug|Any CPU
		Release|Any CPU = Release|Any CPU
	EndGlobalSection
	GlobalSection(ProjectConfigurationPlatforms) = postSolution
		{721D3D3C-7642-4F1E-BF74-5D141E12FB6A}.Debug|Any CPU.ActiveCfg = Debug|Any CPU
		{721D3D3C-7642-4F1E-BF74-5D141E12FB6A}.Debug|Any CPU.Build.0 = Debug|Any CPU
		{721D3D3C-7642-4F1E-BF74-5D141E12FB6A}.Release|Any CPU.ActiveCfg = Release|Any CPU
		{721D3D3C-7642-4F1E-BF74-5D141E12FB6A}.Release|Any CPU.Build.0 = Release|Any CPU
	EndGlobalSection
	GlobalSection(SolutionProperties) = preSolution
		HideSolutionNode = FALSE
	EndGlobalSection
EndGlobal
